// !$*UTF8*$!
{
	archiveVersion = 1;
	classes = {
	};
	objectVersion = 46;
	objects = {

/* Begin PBXBuildFile section */
		E502A17F1E9458610076F669 /* MapViewController+Actions.swift in Sources */ = {isa = PBXBuildFile; fileRef = E502A17E1E9458610076F669 /* MapViewController+Actions.swift */; };
		E502A1811E9458FD0076F669 /* MapViewController+CLLocationManagerDelegate.swift in Sources */ = {isa = PBXBuildFile; fileRef = E502A1801E9458FD0076F669 /* MapViewController+CLLocationManagerDelegate.swift */; };
		E502A1831E945AC40076F669 /* MapViewController+MKMapViewDelegate.swift in Sources */ = {isa = PBXBuildFile; fileRef = E502A1821E945AC40076F669 /* MapViewController+MKMapViewDelegate.swift */; };
		E502A1841E9468B20076F669 /* KMLPlacemark.swift in Sources */ = {isa = PBXBuildFile; fileRef = E59EEA0A1E8DAFE900949426 /* KMLPlacemark.swift */; };
		E502A1901E946BE30076F669 /* WatchConnectionError.swift in Sources */ = {isa = PBXBuildFile; fileRef = E502A18D1E946BE30076F669 /* WatchConnectionError.swift */; };
		E502A1911E946BE30076F669 /* WatchSessionManager.swift in Sources */ = {isa = PBXBuildFile; fileRef = E502A18E1E946BE30076F669 /* WatchSessionManager.swift */; };
		E502A1921E946BE30076F669 /* WatchSessionManagerDelegate.swift in Sources */ = {isa = PBXBuildFile; fileRef = E502A18F1E946BE30076F669 /* WatchSessionManagerDelegate.swift */; };
		E502A1951E946C070076F669 /* MapInterfaceController.swift in Sources */ = {isa = PBXBuildFile; fileRef = E502A1941E946C070076F669 /* MapInterfaceController.swift */; };
		E502A1971E9474480076F669 /* Park.swift in Sources */ = {isa = PBXBuildFile; fileRef = E502A1961E9474480076F669 /* Park.swift */; };
		E502A1981E9475450076F669 /* Park.swift in Sources */ = {isa = PBXBuildFile; fileRef = E502A1961E9474480076F669 /* Park.swift */; };
		E502A19A1E9482A30076F669 /* ApplicationContext.swift in Sources */ = {isa = PBXBuildFile; fileRef = E502A1991E9482A30076F669 /* ApplicationContext.swift */; };
		E502A19B1E9485770076F669 /* ApplicationContext.swift in Sources */ = {isa = PBXBuildFile; fileRef = E502A1991E9482A30076F669 /* ApplicationContext.swift */; };
		E52688AE1D20ED4800990737 /* AppDelegate.swift in Sources */ = {isa = PBXBuildFile; fileRef = E52688AD1D20ED4800990737 /* AppDelegate.swift */; };
		E52688B51D20ED4800990737 /* Assets.xcassets in Resources */ = {isa = PBXBuildFile; fileRef = E52688B41D20ED4800990737 /* Assets.xcassets */; };
		E52688C31D20ED4800990737 /* MotoParksTests.swift in Sources */ = {isa = PBXBuildFile; fileRef = E52688C21D20ED4800990737 /* MotoParksTests.swift */; };
		E52688CE1D20ED4800990737 /* MotoParksUITests.swift in Sources */ = {isa = PBXBuildFile; fileRef = E52688CD1D20ED4800990737 /* MotoParksUITests.swift */; };
		E52688DC1D20EEA700990737 /* MapViewController.swift in Sources */ = {isa = PBXBuildFile; fileRef = E52688DB1D20EEA700990737 /* MapViewController.swift */; };
		E52688E61D20F0D100990737 /* Main.storyboard in Resources */ = {isa = PBXBuildFile; fileRef = E52688E51D20F0D100990737 /* Main.storyboard */; };
		E52688EB1D20F22000990737 /* InfoTableViewController.swift in Sources */ = {isa = PBXBuildFile; fileRef = E52688EA1D20F22000990737 /* InfoTableViewController.swift */; };
		E58129081E8CA06600BC4E8E /* DataError.swift in Sources */ = {isa = PBXBuildFile; fileRef = E58129071E8CA06600BC4E8E /* DataError.swift */; };
		E581290A1E8CA09100BC4E8E /* ParkLocationDataSource.swift in Sources */ = {isa = PBXBuildFile; fileRef = E58129091E8CA09100BC4E8E /* ParkLocationDataSource.swift */; };
		E58C370D1D28C793001B03D5 /* MapKit.framework in Frameworks */ = {isa = PBXBuildFile; fileRef = E58C370C1D28C793001B03D5 /* MapKit.framework */; };
		E58C370F1D28D4CA001B03D5 /* KMLParser.swift in Sources */ = {isa = PBXBuildFile; fileRef = E58C370E1D28D4CA001B03D5 /* KMLParser.swift */; };
		E58C372E1D2CE976001B03D5 /* Settings.bundle in Resources */ = {isa = PBXBuildFile; fileRef = E58C372D1D2CE976001B03D5 /* Settings.bundle */; };
		E59EEA0B1E8DAFE900949426 /* KMLPlacemark.swift in Sources */ = {isa = PBXBuildFile; fileRef = E59EEA0A1E8DAFE900949426 /* KMLPlacemark.swift */; };
		E59EEA0F1E8DB02E00949426 /* WatchSessionManager.swift in Sources */ = {isa = PBXBuildFile; fileRef = E59EEA0E1E8DB02E00949426 /* WatchSessionManager.swift */; };
		E5AA07971D3AE0D900C3E615 /* LaunchScreen.storyboard in Resources */ = {isa = PBXBuildFile; fileRef = E5AA07961D3AE0D900C3E615 /* LaunchScreen.storyboard */; };
		E5B591DB1D680CDF00146A14 /* Color.swift in Sources */ = {isa = PBXBuildFile; fileRef = E5B591DA1D680CDF00146A14 /* Color.swift */; };
		E5BB2A841D40D37C0035F76C /* Interface.storyboard in Resources */ = {isa = PBXBuildFile; fileRef = E5BB2A821D40D37C0035F76C /* Interface.storyboard */; };
		E5BB2A861D40D37C0035F76C /* Assets.xcassets in Resources */ = {isa = PBXBuildFile; fileRef = E5BB2A851D40D37C0035F76C /* Assets.xcassets */; };
		E5BB2A8D1D40D37C0035F76C /* MotoParks Watch App Extension.appex in Embed App Extensions */ = {isa = PBXBuildFile; fileRef = E5BB2A8C1D40D37C0035F76C /* MotoParks Watch App Extension.appex */; settings = {ATTRIBUTES = (RemoveHeadersOnCopy, ); }; };
		E5BB2A961D40D37C0035F76C /* ExtensionDelegate.swift in Sources */ = {isa = PBXBuildFile; fileRef = E5BB2A951D40D37C0035F76C /* ExtensionDelegate.swift */; };
		E5BB2A981D40D37C0035F76C /* NotificationController.swift in Sources */ = {isa = PBXBuildFile; fileRef = E5BB2A971D40D37C0035F76C /* NotificationController.swift */; };
		E5BB2A9A1D40D37C0035F76C /* Assets.xcassets in Resources */ = {isa = PBXBuildFile; fileRef = E5BB2A991D40D37C0035F76C /* Assets.xcassets */; };
		E5BB2A9E1D40D37C0035F76C /* MotoParks Watch App.app in Embed Watch Content */ = {isa = PBXBuildFile; fileRef = E5BB2A801D40D37C0035F76C /* MotoParks Watch App.app */; };
/* End PBXBuildFile section */

/* Begin PBXContainerItemProxy section */
		E52688BF1D20ED4800990737 /* PBXContainerItemProxy */ = {
			isa = PBXContainerItemProxy;
			containerPortal = E52688A21D20ED4800990737 /* Project object */;
			proxyType = 1;
			remoteGlobalIDString = E52688A91D20ED4800990737;
			remoteInfo = MotoParks;
		};
		E52688CA1D20ED4800990737 /* PBXContainerItemProxy */ = {
			isa = PBXContainerItemProxy;
			containerPortal = E52688A21D20ED4800990737 /* Project object */;
			proxyType = 1;
			remoteGlobalIDString = E52688A91D20ED4800990737;
			remoteInfo = MotoParks;
		};
		E5BB2A8E1D40D37C0035F76C /* PBXContainerItemProxy */ = {
			isa = PBXContainerItemProxy;
			containerPortal = E52688A21D20ED4800990737 /* Project object */;
			proxyType = 1;
			remoteGlobalIDString = E5BB2A8B1D40D37C0035F76C;
			remoteInfo = "MotoParks Watch App Extension";
		};
		E5BB2A9C1D40D37C0035F76C /* PBXContainerItemProxy */ = {
			isa = PBXContainerItemProxy;
			containerPortal = E52688A21D20ED4800990737 /* Project object */;
			proxyType = 1;
			remoteGlobalIDString = E5BB2A7F1D40D37C0035F76C;
			remoteInfo = "MotoParks Watch App";
		};
/* End PBXContainerItemProxy section */

/* Begin PBXCopyFilesBuildPhase section */
		E5BB2AA41D40D37D0035F76C /* Embed App Extensions */ = {
			isa = PBXCopyFilesBuildPhase;
			buildActionMask = 2147483647;
			dstPath = "";
			dstSubfolderSpec = 13;
			files = (
				E5BB2A8D1D40D37C0035F76C /* MotoParks Watch App Extension.appex in Embed App Extensions */,
			);
			name = "Embed App Extensions";
			runOnlyForDeploymentPostprocessing = 0;
		};
		E5BB2AA61D40D37D0035F76C /* Embed Watch Content */ = {
			isa = PBXCopyFilesBuildPhase;
			buildActionMask = 2147483647;
			dstPath = "$(CONTENTS_FOLDER_PATH)/Watch";
			dstSubfolderSpec = 16;
			files = (
				E5BB2A9E1D40D37C0035F76C /* MotoParks Watch App.app in Embed Watch Content */,
			);
			name = "Embed Watch Content";
			runOnlyForDeploymentPostprocessing = 0;
		};
/* End PBXCopyFilesBuildPhase section */

/* Begin PBXFileReference section */
		E502A17E1E9458610076F669 /* MapViewController+Actions.swift */ = {isa = PBXFileReference; fileEncoding = 4; lastKnownFileType = sourcecode.swift; path = "MapViewController+Actions.swift"; sourceTree = "<group>"; };
		E502A1801E9458FD0076F669 /* MapViewController+CLLocationManagerDelegate.swift */ = {isa = PBXFileReference; fileEncoding = 4; lastKnownFileType = sourcecode.swift; path = "MapViewController+CLLocationManagerDelegate.swift"; sourceTree = "<group>"; };
		E502A1821E945AC40076F669 /* MapViewController+MKMapViewDelegate.swift */ = {isa = PBXFileReference; fileEncoding = 4; lastKnownFileType = sourcecode.swift; path = "MapViewController+MKMapViewDelegate.swift"; sourceTree = "<group>"; };
		E502A18D1E946BE30076F669 /* WatchConnectionError.swift */ = {isa = PBXFileReference; fileEncoding = 4; lastKnownFileType = sourcecode.swift; path = WatchConnectionError.swift; sourceTree = "<group>"; };
		E502A18E1E946BE30076F669 /* WatchSessionManager.swift */ = {isa = PBXFileReference; fileEncoding = 4; lastKnownFileType = sourcecode.swift; path = WatchSessionManager.swift; sourceTree = "<group>"; };
		E502A18F1E946BE30076F669 /* WatchSessionManagerDelegate.swift */ = {isa = PBXFileReference; fileEncoding = 4; lastKnownFileType = sourcecode.swift; path = WatchSessionManagerDelegate.swift; sourceTree = "<group>"; };
		E502A1941E946C070076F669 /* MapInterfaceController.swift */ = {isa = PBXFileReference; fileEncoding = 4; lastKnownFileType = sourcecode.swift; path = MapInterfaceController.swift; sourceTree = "<group>"; };
		E502A1961E9474480076F669 /* Park.swift */ = {isa = PBXFileReference; fileEncoding = 4; lastKnownFileType = sourcecode.swift; path = Park.swift; sourceTree = "<group>"; };
		E502A1991E9482A30076F669 /* ApplicationContext.swift */ = {isa = PBXFileReference; fileEncoding = 4; lastKnownFileType = sourcecode.swift; path = ApplicationContext.swift; sourceTree = "<group>"; };
		E52688AA1D20ED4800990737 /* MotoParks.app */ = {isa = PBXFileReference; explicitFileType = wrapper.application; includeInIndex = 0; path = MotoParks.app; sourceTree = BUILT_PRODUCTS_DIR; };
		E52688AD1D20ED4800990737 /* AppDelegate.swift */ = {isa = PBXFileReference; lastKnownFileType = sourcecode.swift; path = AppDelegate.swift; sourceTree = "<group>"; };
		E52688B41D20ED4800990737 /* Assets.xcassets */ = {isa = PBXFileReference; lastKnownFileType = folder.assetcatalog; path = Assets.xcassets; sourceTree = "<group>"; };
		E52688B91D20ED4800990737 /* Info.plist */ = {isa = PBXFileReference; lastKnownFileType = text.plist.xml; path = Info.plist; sourceTree = "<group>"; };
		E52688BE1D20ED4800990737 /* MotoParksTests.xctest */ = {isa = PBXFileReference; explicitFileType = wrapper.cfbundle; includeInIndex = 0; path = MotoParksTests.xctest; sourceTree = BUILT_PRODUCTS_DIR; };
		E52688C21D20ED4800990737 /* MotoParksTests.swift */ = {isa = PBXFileReference; lastKnownFileType = sourcecode.swift; path = MotoParksTests.swift; sourceTree = "<group>"; };
		E52688C41D20ED4800990737 /* Info.plist */ = {isa = PBXFileReference; lastKnownFileType = text.plist.xml; path = Info.plist; sourceTree = "<group>"; };
		E52688C91D20ED4800990737 /* MotoParksUITests.xctest */ = {isa = PBXFileReference; explicitFileType = wrapper.cfbundle; includeInIndex = 0; path = MotoParksUITests.xctest; sourceTree = BUILT_PRODUCTS_DIR; };
		E52688CD1D20ED4800990737 /* MotoParksUITests.swift */ = {isa = PBXFileReference; lastKnownFileType = sourcecode.swift; path = MotoParksUITests.swift; sourceTree = "<group>"; };
		E52688CF1D20ED4800990737 /* Info.plist */ = {isa = PBXFileReference; lastKnownFileType = text.plist.xml; path = Info.plist; sourceTree = "<group>"; };
		E52688DB1D20EEA700990737 /* MapViewController.swift */ = {isa = PBXFileReference; fileEncoding = 4; lastKnownFileType = sourcecode.swift; path = MapViewController.swift; sourceTree = "<group>"; };
		E52688E51D20F0D100990737 /* Main.storyboard */ = {isa = PBXFileReference; fileEncoding = 4; lastKnownFileType = file.storyboard; path = Main.storyboard; sourceTree = "<group>"; };
		E52688EA1D20F22000990737 /* InfoTableViewController.swift */ = {isa = PBXFileReference; fileEncoding = 4; lastKnownFileType = sourcecode.swift; path = InfoTableViewController.swift; sourceTree = "<group>"; };
		E58129071E8CA06600BC4E8E /* DataError.swift */ = {isa = PBXFileReference; fileEncoding = 4; lastKnownFileType = sourcecode.swift; path = DataError.swift; sourceTree = "<group>"; };
		E58129091E8CA09100BC4E8E /* ParkLocationDataSource.swift */ = {isa = PBXFileReference; fileEncoding = 4; lastKnownFileType = sourcecode.swift; path = ParkLocationDataSource.swift; sourceTree = "<group>"; };
		E58C370C1D28C793001B03D5 /* MapKit.framework */ = {isa = PBXFileReference; lastKnownFileType = wrapper.framework; name = MapKit.framework; path = System/Library/Frameworks/MapKit.framework; sourceTree = SDKROOT; };
		E58C370E1D28D4CA001B03D5 /* KMLParser.swift */ = {isa = PBXFileReference; fileEncoding = 4; lastKnownFileType = sourcecode.swift; path = KMLParser.swift; sourceTree = "<group>"; };
		E58C372D1D2CE976001B03D5 /* Settings.bundle */ = {isa = PBXFileReference; lastKnownFileType = "wrapper.plug-in"; path = Settings.bundle; sourceTree = "<group>"; };
		E58C372F1D2CF038001B03D5 /* Wellington.gpx */ = {isa = PBXFileReference; lastKnownFileType = text.xml; path = Wellington.gpx; sourceTree = "<group>"; };
		E59EEA0A1E8DAFE900949426 /* KMLPlacemark.swift */ = {isa = PBXFileReference; fileEncoding = 4; lastKnownFileType = sourcecode.swift; path = KMLPlacemark.swift; sourceTree = "<group>"; };
		E59EEA0E1E8DB02E00949426 /* WatchSessionManager.swift */ = {isa = PBXFileReference; fileEncoding = 4; lastKnownFileType = sourcecode.swift; path = WatchSessionManager.swift; sourceTree = "<group>"; };
		E5AA07961D3AE0D900C3E615 /* LaunchScreen.storyboard */ = {isa = PBXFileReference; fileEncoding = 4; lastKnownFileType = file.storyboard; path = LaunchScreen.storyboard; sourceTree = "<group>"; };
		E5B591DA1D680CDF00146A14 /* Color.swift */ = {isa = PBXFileReference; fileEncoding = 4; lastKnownFileType = sourcecode.swift; path = Color.swift; sourceTree = "<group>"; };
		E5BB2A801D40D37C0035F76C /* MotoParks Watch App.app */ = {isa = PBXFileReference; explicitFileType = wrapper.application; includeInIndex = 0; path = "MotoParks Watch App.app"; sourceTree = BUILT_PRODUCTS_DIR; };
		E5BB2A831D40D37C0035F76C /* Base */ = {isa = PBXFileReference; lastKnownFileType = file.storyboard; name = Base; path = Base.lproj/Interface.storyboard; sourceTree = "<group>"; };
		E5BB2A851D40D37C0035F76C /* Assets.xcassets */ = {isa = PBXFileReference; lastKnownFileType = folder.assetcatalog; path = Assets.xcassets; sourceTree = "<group>"; };
		E5BB2A871D40D37C0035F76C /* Info.plist */ = {isa = PBXFileReference; lastKnownFileType = text.plist.xml; path = Info.plist; sourceTree = "<group>"; };
		E5BB2A8C1D40D37C0035F76C /* MotoParks Watch App Extension.appex */ = {isa = PBXFileReference; explicitFileType = "wrapper.app-extension"; includeInIndex = 0; path = "MotoParks Watch App Extension.appex"; sourceTree = BUILT_PRODUCTS_DIR; };
		E5BB2A921D40D37C0035F76C /* PushNotificationPayload.apns */ = {isa = PBXFileReference; lastKnownFileType = text; path = PushNotificationPayload.apns; sourceTree = "<group>"; };
		E5BB2A951D40D37C0035F76C /* ExtensionDelegate.swift */ = {isa = PBXFileReference; lastKnownFileType = sourcecode.swift; path = ExtensionDelegate.swift; sourceTree = "<group>"; };
		E5BB2A971D40D37C0035F76C /* NotificationController.swift */ = {isa = PBXFileReference; lastKnownFileType = sourcecode.swift; path = NotificationController.swift; sourceTree = "<group>"; };
		E5BB2A991D40D37C0035F76C /* Assets.xcassets */ = {isa = PBXFileReference; lastKnownFileType = folder.assetcatalog; path = Assets.xcassets; sourceTree = "<group>"; };
		E5BB2A9B1D40D37C0035F76C /* Info.plist */ = {isa = PBXFileReference; lastKnownFileType = text.plist.xml; path = Info.plist; sourceTree = "<group>"; };
/* End PBXFileReference section */

/* Begin PBXFrameworksBuildPhase section */
		E52688A71D20ED4800990737 /* Frameworks */ = {
			isa = PBXFrameworksBuildPhase;
			buildActionMask = 2147483647;
			files = (
				E58C370D1D28C793001B03D5 /* MapKit.framework in Frameworks */,
			);
			runOnlyForDeploymentPostprocessing = 0;
		};
		E52688BB1D20ED4800990737 /* Frameworks */ = {
			isa = PBXFrameworksBuildPhase;
			buildActionMask = 2147483647;
			files = (
			);
			runOnlyForDeploymentPostprocessing = 0;
		};
		E52688C61D20ED4800990737 /* Frameworks */ = {
			isa = PBXFrameworksBuildPhase;
			buildActionMask = 2147483647;
			files = (
			);
			runOnlyForDeploymentPostprocessing = 0;
		};
		E5BB2A891D40D37C0035F76C /* Frameworks */ = {
			isa = PBXFrameworksBuildPhase;
			buildActionMask = 2147483647;
			files = (
			);
			runOnlyForDeploymentPostprocessing = 0;
		};
/* End PBXFrameworksBuildPhase section */

/* Begin PBXGroup section */
		E502A18C1E946BE30076F669 /* WatchConnection */ = {
			isa = PBXGroup;
			children = (
				E502A18D1E946BE30076F669 /* WatchConnectionError.swift */,
				E502A18E1E946BE30076F669 /* WatchSessionManager.swift */,
				E502A18F1E946BE30076F669 /* WatchSessionManagerDelegate.swift */,
			);
			path = WatchConnection;
			sourceTree = "<group>";
		};
		E502A1931E946C070076F669 /* Controllers */ = {
			isa = PBXGroup;
			children = (
				E502A1941E946C070076F669 /* MapInterfaceController.swift */,
			);
			path = Controllers;
			sourceTree = "<group>";
		};
		E52688A11D20ED4800990737 = {
			isa = PBXGroup;
			children = (
				E58C372F1D2CF038001B03D5 /* Wellington.gpx */,
				E58C370C1D28C793001B03D5 /* MapKit.framework */,
				E52688AC1D20ED4800990737 /* MotoParks */,
				E52688C11D20ED4800990737 /* MotoParksTests */,
				E52688CC1D20ED4800990737 /* MotoParksUITests */,
				E5BB2A811D40D37C0035F76C /* MotoParks Watch App */,
				E5BB2A901D40D37C0035F76C /* MotoParks Watch App Extension */,
				E52688AB1D20ED4800990737 /* Products */,
			);
			sourceTree = "<group>";
		};
		E52688AB1D20ED4800990737 /* Products */ = {
			isa = PBXGroup;
			children = (
				E52688AA1D20ED4800990737 /* MotoParks.app */,
				E52688BE1D20ED4800990737 /* MotoParksTests.xctest */,
				E52688C91D20ED4800990737 /* MotoParksUITests.xctest */,
				E5BB2A801D40D37C0035F76C /* MotoParks Watch App.app */,
				E5BB2A8C1D40D37C0035F76C /* MotoParks Watch App Extension.appex */,
			);
			name = Products;
			sourceTree = "<group>";
		};
		E52688AC1D20ED4800990737 /* MotoParks */ = {
			isa = PBXGroup;
			children = (
				E59EEA0D1E8DB01600949426 /* WatchConnection */,
				E52688E11D20EF2B00990737 /* Controllers */,
				E52688E01D20EF2600990737 /* View */,
				E52688DF1D20EF1F00990737 /* Model */,
				E52688AD1D20ED4800990737 /* AppDelegate.swift */,
				E52688B41D20ED4800990737 /* Assets.xcassets */,
				E52688B91D20ED4800990737 /* Info.plist */,
				E58C372D1D2CE976001B03D5 /* Settings.bundle */,
			);
			path = MotoParks;
			sourceTree = "<group>";
		};
		E52688C11D20ED4800990737 /* MotoParksTests */ = {
			isa = PBXGroup;
			children = (
				E52688C21D20ED4800990737 /* MotoParksTests.swift */,
				E52688C41D20ED4800990737 /* Info.plist */,
			);
			path = MotoParksTests;
			sourceTree = "<group>";
		};
		E52688CC1D20ED4800990737 /* MotoParksUITests */ = {
			isa = PBXGroup;
			children = (
				E52688CD1D20ED4800990737 /* MotoParksUITests.swift */,
				E52688CF1D20ED4800990737 /* Info.plist */,
			);
			path = MotoParksUITests;
			sourceTree = "<group>";
		};
		E52688DF1D20EF1F00990737 /* Model */ = {
			isa = PBXGroup;
			children = (
				E59EEA0A1E8DAFE900949426 /* KMLPlacemark.swift */,
				E58C370E1D28D4CA001B03D5 /* KMLParser.swift */,
				E58129071E8CA06600BC4E8E /* DataError.swift */,
				E58129091E8CA09100BC4E8E /* ParkLocationDataSource.swift */,
				E502A1961E9474480076F669 /* Park.swift */,
				E502A1991E9482A30076F669 /* ApplicationContext.swift */,
			);
			path = Model;
			sourceTree = "<group>";
		};
		E52688E01D20EF2600990737 /* View */ = {
			isa = PBXGroup;
			children = (
				E52688E51D20F0D100990737 /* Main.storyboard */,
				E5AA07961D3AE0D900C3E615 /* LaunchScreen.storyboard */,
				E5B591DA1D680CDF00146A14 /* Color.swift */,
			);
			path = View;
			sourceTree = "<group>";
		};
		E52688E11D20EF2B00990737 /* Controllers */ = {
			isa = PBXGroup;
			children = (
				E52688E91D20F20200990737 /* InfoTableViewController */,
				E52688E41D20EFFB00990737 /* MapViewController */,
			);
			path = Controllers;
			sourceTree = "<group>";
		};
		E52688E41D20EFFB00990737 /* MapViewController */ = {
			isa = PBXGroup;
			children = (
				E52688DB1D20EEA700990737 /* MapViewController.swift */,
				E502A17E1E9458610076F669 /* MapViewController+Actions.swift */,
				E502A1801E9458FD0076F669 /* MapViewController+CLLocationManagerDelegate.swift */,
				E502A1821E945AC40076F669 /* MapViewController+MKMapViewDelegate.swift */,
			);
			path = MapViewController;
			sourceTree = "<group>";
		};
		E52688E91D20F20200990737 /* InfoTableViewController */ = {
			isa = PBXGroup;
			children = (
				E52688EA1D20F22000990737 /* InfoTableViewController.swift */,
			);
			path = InfoTableViewController;
			sourceTree = "<group>";
		};
		E59EEA0D1E8DB01600949426 /* WatchConnection */ = {
			isa = PBXGroup;
			children = (
				E59EEA0E1E8DB02E00949426 /* WatchSessionManager.swift */,
			);
			path = WatchConnection;
			sourceTree = "<group>";
		};
		E5BB2A811D40D37C0035F76C /* MotoParks Watch App */ = {
			isa = PBXGroup;
			children = (
				E5BB2A821D40D37C0035F76C /* Interface.storyboard */,
				E5BB2A851D40D37C0035F76C /* Assets.xcassets */,
				E5BB2A871D40D37C0035F76C /* Info.plist */,
			);
			path = "MotoParks Watch App";
			sourceTree = "<group>";
		};
		E5BB2A901D40D37C0035F76C /* MotoParks Watch App Extension */ = {
			isa = PBXGroup;
			children = (
				E502A18C1E946BE30076F669 /* WatchConnection */,
				E502A1931E946C070076F669 /* Controllers */,
				E5BB2A951D40D37C0035F76C /* ExtensionDelegate.swift */,
				E5BB2A971D40D37C0035F76C /* NotificationController.swift */,
				E5BB2A991D40D37C0035F76C /* Assets.xcassets */,
				E5BB2A9B1D40D37C0035F76C /* Info.plist */,
				E5BB2A911D40D37C0035F76C /* Supporting Files */,
			);
			path = "MotoParks Watch App Extension";
			sourceTree = "<group>";
		};
		E5BB2A911D40D37C0035F76C /* Supporting Files */ = {
			isa = PBXGroup;
			children = (
				E5BB2A921D40D37C0035F76C /* PushNotificationPayload.apns */,
			);
			name = "Supporting Files";
			sourceTree = "<group>";
		};
/* End PBXGroup section */

/* Begin PBXNativeTarget section */
		E52688A91D20ED4800990737 /* MotoParks */ = {
			isa = PBXNativeTarget;
			buildConfigurationList = E52688D21D20ED4800990737 /* Build configuration list for PBXNativeTarget "MotoParks" */;
			buildPhases = (
				E52688A61D20ED4800990737 /* Sources */,
				E52688A71D20ED4800990737 /* Frameworks */,
				E52688A81D20ED4800990737 /* Resources */,
				E5BB2AA61D40D37D0035F76C /* Embed Watch Content */,
			);
			buildRules = (
			);
			dependencies = (
				E5BB2A9D1D40D37C0035F76C /* PBXTargetDependency */,
			);
			name = MotoParks;
			productName = MotoParks;
			productReference = E52688AA1D20ED4800990737 /* MotoParks.app */;
			productType = "com.apple.product-type.application";
		};
		E52688BD1D20ED4800990737 /* MotoParksTests */ = {
			isa = PBXNativeTarget;
			buildConfigurationList = E52688D51D20ED4800990737 /* Build configuration list for PBXNativeTarget "MotoParksTests" */;
			buildPhases = (
				E52688BA1D20ED4800990737 /* Sources */,
				E52688BB1D20ED4800990737 /* Frameworks */,
				E52688BC1D20ED4800990737 /* Resources */,
			);
			buildRules = (
			);
			dependencies = (
				E52688C01D20ED4800990737 /* PBXTargetDependency */,
			);
			name = MotoParksTests;
			productName = MotoParksTests;
			productReference = E52688BE1D20ED4800990737 /* MotoParksTests.xctest */;
			productType = "com.apple.product-type.bundle.unit-test";
		};
		E52688C81D20ED4800990737 /* MotoParksUITests */ = {
			isa = PBXNativeTarget;
			buildConfigurationList = E52688D81D20ED4800990737 /* Build configuration list for PBXNativeTarget "MotoParksUITests" */;
			buildPhases = (
				E52688C51D20ED4800990737 /* Sources */,
				E52688C61D20ED4800990737 /* Frameworks */,
				E52688C71D20ED4800990737 /* Resources */,
			);
			buildRules = (
			);
			dependencies = (
				E52688CB1D20ED4800990737 /* PBXTargetDependency */,
			);
			name = MotoParksUITests;
			productName = MotoParksUITests;
			productReference = E52688C91D20ED4800990737 /* MotoParksUITests.xctest */;
			productType = "com.apple.product-type.bundle.ui-testing";
		};
		E5BB2A7F1D40D37C0035F76C /* MotoParks Watch App */ = {
			isa = PBXNativeTarget;
			buildConfigurationList = E5BB2AA51D40D37D0035F76C /* Build configuration list for PBXNativeTarget "MotoParks Watch App" */;
			buildPhases = (
				E5BB2A7E1D40D37C0035F76C /* Resources */,
				E5BB2AA41D40D37D0035F76C /* Embed App Extensions */,
			);
			buildRules = (
			);
			dependencies = (
				E5BB2A8F1D40D37C0035F76C /* PBXTargetDependency */,
			);
			name = "MotoParks Watch App";
			productName = "MotoParks Watch App";
			productReference = E5BB2A801D40D37C0035F76C /* MotoParks Watch App.app */;
			productType = "com.apple.product-type.application.watchapp2";
		};
		E5BB2A8B1D40D37C0035F76C /* MotoParks Watch App Extension */ = {
			isa = PBXNativeTarget;
			buildConfigurationList = E5BB2AA31D40D37D0035F76C /* Build configuration list for PBXNativeTarget "MotoParks Watch App Extension" */;
			buildPhases = (
				E5BB2A881D40D37C0035F76C /* Sources */,
				E5BB2A891D40D37C0035F76C /* Frameworks */,
				E5BB2A8A1D40D37C0035F76C /* Resources */,
			);
			buildRules = (
			);
			dependencies = (
			);
			name = "MotoParks Watch App Extension";
			productName = "MotoParks Watch App Extension";
			productReference = E5BB2A8C1D40D37C0035F76C /* MotoParks Watch App Extension.appex */;
			productType = "com.apple.product-type.watchkit2-extension";
		};
/* End PBXNativeTarget section */

/* Begin PBXProject section */
		E52688A21D20ED4800990737 /* Project object */ = {
			isa = PBXProject;
			attributes = {
				LastSwiftUpdateCheck = 0730;
				LastUpgradeCheck = 0800;
				ORGANIZATIONNAME = "Rajan Fernandez";
				TargetAttributes = {
					E52688A91D20ED4800990737 = {
						CreatedOnToolsVersion = 7.3.1;
						DevelopmentTeam = EF3Z2ZZH58;
						LastSwiftMigration = 0800;
						SystemCapabilities = {
							com.apple.BackgroundModes = {
								enabled = 1;
							};
							com.apple.Maps.iOS = {
								enabled = 1;
							};
						};
					};
					E52688BD1D20ED4800990737 = {
						CreatedOnToolsVersion = 7.3.1;
						LastSwiftMigration = 0800;
						TestTargetID = E52688A91D20ED4800990737;
					};
					E52688C81D20ED4800990737 = {
						CreatedOnToolsVersion = 7.3.1;
						LastSwiftMigration = 0800;
						TestTargetID = E52688A91D20ED4800990737;
					};
					E5BB2A7F1D40D37C0035F76C = {
						CreatedOnToolsVersion = 7.3.1;
						DevelopmentTeam = EF3Z2ZZH58;
						LastSwiftMigration = 0800;
					};
					E5BB2A8B1D40D37C0035F76C = {
						CreatedOnToolsVersion = 7.3.1;
						DevelopmentTeam = EF3Z2ZZH58;
						LastSwiftMigration = 0800;
						SystemCapabilities = {
							com.apple.BackgroundModes.watchos.extension = {
								enabled = 0;
							};
						};
					};
				};
			};
			buildConfigurationList = E52688A51D20ED4800990737 /* Build configuration list for PBXProject "MotoParks" */;
			compatibilityVersion = "Xcode 3.2";
			developmentRegion = English;
			hasScannedForEncodings = 0;
			knownRegions = (
				en,
				Base,
			);
			mainGroup = E52688A11D20ED4800990737;
			productRefGroup = E52688AB1D20ED4800990737 /* Products */;
			projectDirPath = "";
			projectRoot = "";
			targets = (
				E52688A91D20ED4800990737 /* MotoParks */,
				E52688BD1D20ED4800990737 /* MotoParksTests */,
				E52688C81D20ED4800990737 /* MotoParksUITests */,
				E5BB2A7F1D40D37C0035F76C /* MotoParks Watch App */,
				E5BB2A8B1D40D37C0035F76C /* MotoParks Watch App Extension */,
			);
		};
/* End PBXProject section */

/* Begin PBXResourcesBuildPhase section */
		E52688A81D20ED4800990737 /* Resources */ = {
			isa = PBXResourcesBuildPhase;
			buildActionMask = 2147483647;
			files = (
				E58C372E1D2CE976001B03D5 /* Settings.bundle in Resources */,
				E5AA07971D3AE0D900C3E615 /* LaunchScreen.storyboard in Resources */,
				E52688B51D20ED4800990737 /* Assets.xcassets in Resources */,
				E52688E61D20F0D100990737 /* Main.storyboard in Resources */,
			);
			runOnlyForDeploymentPostprocessing = 0;
		};
		E52688BC1D20ED4800990737 /* Resources */ = {
			isa = PBXResourcesBuildPhase;
			buildActionMask = 2147483647;
			files = (
			);
			runOnlyForDeploymentPostprocessing = 0;
		};
		E52688C71D20ED4800990737 /* Resources */ = {
			isa = PBXResourcesBuildPhase;
			buildActionMask = 2147483647;
			files = (
			);
			runOnlyForDeploymentPostprocessing = 0;
		};
		E5BB2A7E1D40D37C0035F76C /* Resources */ = {
			isa = PBXResourcesBuildPhase;
			buildActionMask = 2147483647;
			files = (
				E5BB2A861D40D37C0035F76C /* Assets.xcassets in Resources */,
				E5BB2A841D40D37C0035F76C /* Interface.storyboard in Resources */,
			);
			runOnlyForDeploymentPostprocessing = 0;
		};
		E5BB2A8A1D40D37C0035F76C /* Resources */ = {
			isa = PBXResourcesBuildPhase;
			buildActionMask = 2147483647;
			files = (
				E5BB2A9A1D40D37C0035F76C /* Assets.xcassets in Resources */,
			);
			runOnlyForDeploymentPostprocessing = 0;
		};
/* End PBXResourcesBuildPhase section */

/* Begin PBXSourcesBuildPhase section */
		E52688A61D20ED4800990737 /* Sources */ = {
			isa = PBXSourcesBuildPhase;
			buildActionMask = 2147483647;
			files = (
				E581290A1E8CA09100BC4E8E /* ParkLocationDataSource.swift in Sources */,
				E502A1971E9474480076F669 /* Park.swift in Sources */,
				E502A19A1E9482A30076F669 /* ApplicationContext.swift in Sources */,
				E502A1831E945AC40076F669 /* MapViewController+MKMapViewDelegate.swift in Sources */,
				E59EEA0F1E8DB02E00949426 /* WatchSessionManager.swift in Sources */,
				E59EEA0B1E8DAFE900949426 /* KMLPlacemark.swift in Sources */,
				E52688DC1D20EEA700990737 /* MapViewController.swift in Sources */,
				E5B591DB1D680CDF00146A14 /* Color.swift in Sources */,
				E502A1811E9458FD0076F669 /* MapViewController+CLLocationManagerDelegate.swift in Sources */,
				E502A17F1E9458610076F669 /* MapViewController+Actions.swift in Sources */,
				E58C370F1D28D4CA001B03D5 /* KMLParser.swift in Sources */,
				E52688AE1D20ED4800990737 /* AppDelegate.swift in Sources */,
				E58129081E8CA06600BC4E8E /* DataError.swift in Sources */,
				E52688EB1D20F22000990737 /* InfoTableViewController.swift in Sources */,
			);
			runOnlyForDeploymentPostprocessing = 0;
		};
		E52688BA1D20ED4800990737 /* Sources */ = {
			isa = PBXSourcesBuildPhase;
			buildActionMask = 2147483647;
			files = (
				E52688C31D20ED4800990737 /* MotoParksTests.swift in Sources */,
			);
			runOnlyForDeploymentPostprocessing = 0;
		};
		E52688C51D20ED4800990737 /* Sources */ = {
			isa = PBXSourcesBuildPhase;
			buildActionMask = 2147483647;
			files = (
				E52688CE1D20ED4800990737 /* MotoParksUITests.swift in Sources */,
			);
			runOnlyForDeploymentPostprocessing = 0;
		};
		E5BB2A881D40D37C0035F76C /* Sources */ = {
			isa = PBXSourcesBuildPhase;
			buildActionMask = 2147483647;
			files = (
				E502A1841E9468B20076F669 /* KMLPlacemark.swift in Sources */,
				E5BB2A981D40D37C0035F76C /* NotificationController.swift in Sources */,
				E502A1901E946BE30076F669 /* WatchConnectionError.swift in Sources */,
				E502A1951E946C070076F669 /* MapInterfaceController.swift in Sources */,
				E5BB2A961D40D37C0035F76C /* ExtensionDelegate.swift in Sources */,
				E502A1911E946BE30076F669 /* WatchSessionManager.swift in Sources */,
				E502A1981E9475450076F669 /* Park.swift in Sources */,
				E502A19B1E9485770076F669 /* ApplicationContext.swift in Sources */,
				E502A1921E946BE30076F669 /* WatchSessionManagerDelegate.swift in Sources */,
			);
			runOnlyForDeploymentPostprocessing = 0;
		};
/* End PBXSourcesBuildPhase section */

/* Begin PBXTargetDependency section */
		E52688C01D20ED4800990737 /* PBXTargetDependency */ = {
			isa = PBXTargetDependency;
			target = E52688A91D20ED4800990737 /* MotoParks */;
			targetProxy = E52688BF1D20ED4800990737 /* PBXContainerItemProxy */;
		};
		E52688CB1D20ED4800990737 /* PBXTargetDependency */ = {
			isa = PBXTargetDependency;
			target = E52688A91D20ED4800990737 /* MotoParks */;
			targetProxy = E52688CA1D20ED4800990737 /* PBXContainerItemProxy */;
		};
		E5BB2A8F1D40D37C0035F76C /* PBXTargetDependency */ = {
			isa = PBXTargetDependency;
			target = E5BB2A8B1D40D37C0035F76C /* MotoParks Watch App Extension */;
			targetProxy = E5BB2A8E1D40D37C0035F76C /* PBXContainerItemProxy */;
		};
		E5BB2A9D1D40D37C0035F76C /* PBXTargetDependency */ = {
			isa = PBXTargetDependency;
			target = E5BB2A7F1D40D37C0035F76C /* MotoParks Watch App */;
			targetProxy = E5BB2A9C1D40D37C0035F76C /* PBXContainerItemProxy */;
		};
/* End PBXTargetDependency section */

/* Begin PBXVariantGroup section */
		E5BB2A821D40D37C0035F76C /* Interface.storyboard */ = {
			isa = PBXVariantGroup;
			children = (
				E5BB2A831D40D37C0035F76C /* Base */,
			);
			name = Interface.storyboard;
			sourceTree = "<group>";
		};
/* End PBXVariantGroup section */

/* Begin XCBuildConfiguration section */
		E52688D01D20ED4800990737 /* Debug */ = {
			isa = XCBuildConfiguration;
			buildSettings = {
				ALWAYS_SEARCH_USER_PATHS = NO;
				CLANG_ANALYZER_NONNULL = YES;
				CLANG_CXX_LANGUAGE_STANDARD = "gnu++0x";
				CLANG_CXX_LIBRARY = "libc++";
				CLANG_ENABLE_MODULES = YES;
				CLANG_ENABLE_OBJC_ARC = YES;
				CLANG_WARN_BOOL_CONVERSION = YES;
				CLANG_WARN_CONSTANT_CONVERSION = YES;
				CLANG_WARN_DIRECT_OBJC_ISA_USAGE = YES_ERROR;
				CLANG_WARN_EMPTY_BODY = YES;
				CLANG_WARN_ENUM_CONVERSION = YES;
				CLANG_WARN_INFINITE_RECURSION = YES;
				CLANG_WARN_INT_CONVERSION = YES;
				CLANG_WARN_OBJC_ROOT_CLASS = YES_ERROR;
				CLANG_WARN_SUSPICIOUS_MOVE = YES;
				CLANG_WARN_UNREACHABLE_CODE = YES;
				CLANG_WARN__DUPLICATE_METHOD_MATCH = YES;
				"CODE_SIGN_IDENTITY[sdk=iphoneos*]" = "iPhone Developer";
				COPY_PHASE_STRIP = NO;
				DEBUG_INFORMATION_FORMAT = dwarf;
				ENABLE_STRICT_OBJC_MSGSEND = YES;
				ENABLE_TESTABILITY = YES;
				GCC_C_LANGUAGE_STANDARD = gnu99;
				GCC_DYNAMIC_NO_PIC = NO;
				GCC_NO_COMMON_BLOCKS = YES;
				GCC_OPTIMIZATION_LEVEL = 0;
				GCC_PREPROCESSOR_DEFINITIONS = (
					"DEBUG=1",
					"$(inherited)",
				);
				GCC_WARN_64_TO_32_BIT_CONVERSION = YES;
				GCC_WARN_ABOUT_RETURN_TYPE = YES_ERROR;
				GCC_WARN_UNDECLARED_SELECTOR = YES;
				GCC_WARN_UNINITIALIZED_AUTOS = YES_AGGRESSIVE;
				GCC_WARN_UNUSED_FUNCTION = YES;
				GCC_WARN_UNUSED_VARIABLE = YES;
				IPHONEOS_DEPLOYMENT_TARGET = 9.3;
				MTL_ENABLE_DEBUG_INFO = YES;
				ONLY_ACTIVE_ARCH = YES;
				OTHER_SWIFT_FLAGS = "-DDEBUG";
				SDKROOT = iphoneos;
				SWIFT_OPTIMIZATION_LEVEL = "-Onone";
				TARGETED_DEVICE_FAMILY = "1,2";
			};
			name = Debug;
		};
		E52688D11D20ED4800990737 /* Release */ = {
			isa = XCBuildConfiguration;
			buildSettings = {
				ALWAYS_SEARCH_USER_PATHS = NO;
				CLANG_ANALYZER_NONNULL = YES;
				CLANG_CXX_LANGUAGE_STANDARD = "gnu++0x";
				CLANG_CXX_LIBRARY = "libc++";
				CLANG_ENABLE_MODULES = YES;
				CLANG_ENABLE_OBJC_ARC = YES;
				CLANG_WARN_BOOL_CONVERSION = YES;
				CLANG_WARN_CONSTANT_CONVERSION = YES;
				CLANG_WARN_DIRECT_OBJC_ISA_USAGE = YES_ERROR;
				CLANG_WARN_EMPTY_BODY = YES;
				CLANG_WARN_ENUM_CONVERSION = YES;
				CLANG_WARN_INFINITE_RECURSION = YES;
				CLANG_WARN_INT_CONVERSION = YES;
				CLANG_WARN_OBJC_ROOT_CLASS = YES_ERROR;
				CLANG_WARN_SUSPICIOUS_MOVE = YES;
				CLANG_WARN_UNREACHABLE_CODE = YES;
				CLANG_WARN__DUPLICATE_METHOD_MATCH = YES;
				"CODE_SIGN_IDENTITY[sdk=iphoneos*]" = "iPhone Developer";
				COPY_PHASE_STRIP = NO;
				DEBUG_INFORMATION_FORMAT = "dwarf-with-dsym";
				ENABLE_NS_ASSERTIONS = NO;
				ENABLE_STRICT_OBJC_MSGSEND = YES;
				GCC_C_LANGUAGE_STANDARD = gnu99;
				GCC_NO_COMMON_BLOCKS = YES;
				GCC_WARN_64_TO_32_BIT_CONVERSION = YES;
				GCC_WARN_ABOUT_RETURN_TYPE = YES_ERROR;
				GCC_WARN_UNDECLARED_SELECTOR = YES;
				GCC_WARN_UNINITIALIZED_AUTOS = YES_AGGRESSIVE;
				GCC_WARN_UNUSED_FUNCTION = YES;
				GCC_WARN_UNUSED_VARIABLE = YES;
				IPHONEOS_DEPLOYMENT_TARGET = 9.3;
				MTL_ENABLE_DEBUG_INFO = NO;
				OTHER_SWIFT_FLAGS = "";
				SDKROOT = iphoneos;
				SWIFT_OPTIMIZATION_LEVEL = "-Owholemodule";
				TARGETED_DEVICE_FAMILY = "1,2";
				VALIDATE_PRODUCT = YES;
			};
			name = Release;
		};
		E52688D31D20ED4800990737 /* Debug */ = {
			isa = XCBuildConfiguration;
			buildSettings = {
				ASSETCATALOG_COMPILER_APPICON_NAME = AppIcon;
				CODE_SIGN_IDENTITY = "iPhone Developer";
				INFOPLIST_FILE = MotoParks/Info.plist;
				LD_RUNPATH_SEARCH_PATHS = "$(inherited) @executable_path/Frameworks";
				PRODUCT_BUNDLE_IDENTIFIER = com.rajanfernandez.MotoParks;
				PRODUCT_NAME = "$(TARGET_NAME)";
				SWIFT_VERSION = 3.0;
				TARGETED_DEVICE_FAMILY = "1,2";
			};
			name = Debug;
		};
		E52688D41D20ED4800990737 /* Release */ = {
			isa = XCBuildConfiguration;
			buildSettings = {
				ASSETCATALOG_COMPILER_APPICON_NAME = AppIcon;
				CODE_SIGN_IDENTITY = "iPhone Developer";
				INFOPLIST_FILE = MotoParks/Info.plist;
				LD_RUNPATH_SEARCH_PATHS = "$(inherited) @executable_path/Frameworks";
				PRODUCT_BUNDLE_IDENTIFIER = com.rajanfernandez.MotoParks;
				PRODUCT_NAME = "$(TARGET_NAME)";
				SWIFT_VERSION = 3.0;
				TARGETED_DEVICE_FAMILY = "1,2";
			};
			name = Release;
		};
		E52688D61D20ED4800990737 /* Debug */ = {
			isa = XCBuildConfiguration;
			buildSettings = {
				BUNDLE_LOADER = "$(TEST_HOST)";
				INFOPLIST_FILE = MotoParksTests/Info.plist;
				LD_RUNPATH_SEARCH_PATHS = "$(inherited) @executable_path/Frameworks @loader_path/Frameworks";
				PRODUCT_BUNDLE_IDENTIFIER = com.rajanfernandez.MotoParksTests;
				PRODUCT_NAME = "$(TARGET_NAME)";
				SWIFT_VERSION = 3.0;
				TEST_HOST = "$(BUILT_PRODUCTS_DIR)/MotoParks.app/MotoParks";
			};
			name = Debug;
		};
		E52688D71D20ED4800990737 /* Release */ = {
			isa = XCBuildConfiguration;
			buildSettings = {
				BUNDLE_LOADER = "$(TEST_HOST)";
				INFOPLIST_FILE = MotoParksTests/Info.plist;
				LD_RUNPATH_SEARCH_PATHS = "$(inherited) @executable_path/Frameworks @loader_path/Frameworks";
				PRODUCT_BUNDLE_IDENTIFIER = com.rajanfernandez.MotoParksTests;
				PRODUCT_NAME = "$(TARGET_NAME)";
				SWIFT_VERSION = 3.0;
				TEST_HOST = "$(BUILT_PRODUCTS_DIR)/MotoParks.app/MotoParks";
			};
			name = Release;
		};
		E52688D91D20ED4800990737 /* Debug */ = {
			isa = XCBuildConfiguration;
			buildSettings = {
				INFOPLIST_FILE = MotoParksUITests/Info.plist;
				LD_RUNPATH_SEARCH_PATHS = "$(inherited) @executable_path/Frameworks @loader_path/Frameworks";
				PRODUCT_BUNDLE_IDENTIFIER = com.rajanfernandez.MotoParksUITests;
				PRODUCT_NAME = "$(TARGET_NAME)";
				SWIFT_VERSION = 3.0;
				TEST_TARGET_NAME = MotoParks;
			};
			name = Debug;
		};
		E52688DA1D20ED4800990737 /* Release */ = {
			isa = XCBuildConfiguration;
			buildSettings = {
				INFOPLIST_FILE = MotoParksUITests/Info.plist;
				LD_RUNPATH_SEARCH_PATHS = "$(inherited) @executable_path/Frameworks @loader_path/Frameworks";
				PRODUCT_BUNDLE_IDENTIFIER = com.rajanfernandez.MotoParksUITests;
				PRODUCT_NAME = "$(TARGET_NAME)";
				SWIFT_VERSION = 3.0;
				TEST_TARGET_NAME = MotoParks;
			};
			name = Release;
		};
		E5BB2A9F1D40D37D0035F76C /* Debug */ = {
			isa = XCBuildConfiguration;
			buildSettings = {
				ALWAYS_EMBED_SWIFT_STANDARD_LIBRARIES = YES;
				ASSETCATALOG_COMPILER_APPICON_NAME = AppIcon;
				CODE_SIGN_IDENTITY = "iPhone Developer";
				DEVELOPMENT_TEAM = EF3Z2ZZH58;
				IBSC_MODULE = MotoParks_Watch_App_Extension;
				INFOPLIST_FILE = "MotoParks Watch App/Info.plist";
				PRODUCT_BUNDLE_IDENTIFIER = com.rajanfernandez.MotoParks.watchkitapp;
				PRODUCT_NAME = "$(TARGET_NAME)";
				SDKROOT = watchos;
				SKIP_INSTALL = YES;
				SWIFT_VERSION = 3.0;
				TARGETED_DEVICE_FAMILY = 4;
				WATCHOS_DEPLOYMENT_TARGET = 3.0;
			};
			name = Debug;
		};
		E5BB2AA01D40D37D0035F76C /* Release */ = {
			isa = XCBuildConfiguration;
			buildSettings = {
				ALWAYS_EMBED_SWIFT_STANDARD_LIBRARIES = YES;
				ASSETCATALOG_COMPILER_APPICON_NAME = AppIcon;
				CODE_SIGN_IDENTITY = "iPhone Developer";
				DEVELOPMENT_TEAM = EF3Z2ZZH58;
				IBSC_MODULE = MotoParks_Watch_App_Extension;
				INFOPLIST_FILE = "MotoParks Watch App/Info.plist";
				PRODUCT_BUNDLE_IDENTIFIER = com.rajanfernandez.MotoParks.watchkitapp;
				PRODUCT_NAME = "$(TARGET_NAME)";
				SDKROOT = watchos;
				SKIP_INSTALL = YES;
				SWIFT_VERSION = 3.0;
				TARGETED_DEVICE_FAMILY = 4;
				WATCHOS_DEPLOYMENT_TARGET = 3.0;
			};
			name = Release;
		};
		E5BB2AA11D40D37D0035F76C /* Debug */ = {
			isa = XCBuildConfiguration;
			buildSettings = {
				DEVELOPMENT_TEAM = EF3Z2ZZH58;
				INFOPLIST_FILE = "MotoParks Watch App Extension/Info.plist";
				LD_RUNPATH_SEARCH_PATHS = "$(inherited) @executable_path/Frameworks @executable_path/../../Frameworks";
				PRODUCT_BUNDLE_IDENTIFIER = com.rajanfernandez.MotoParks.watchkitapp.watchkitextension;
				PRODUCT_NAME = "${TARGET_NAME}";
				SDKROOT = watchos;
				SKIP_INSTALL = YES;
				SWIFT_VERSION = 3.0;
				TARGETED_DEVICE_FAMILY = 4;
				WATCHOS_DEPLOYMENT_TARGET = 3.0;
			};
			name = Debug;
		};
		E5BB2AA21D40D37D0035F76C /* Release */ = {
			isa = XCBuildConfiguration;
			buildSettings = {
				DEVELOPMENT_TEAM = EF3Z2ZZH58;
				INFOPLIST_FILE = "MotoParks Watch App Extension/Info.plist";
				LD_RUNPATH_SEARCH_PATHS = "$(inherited) @executable_path/Frameworks @executable_path/../../Frameworks";
				PRODUCT_BUNDLE_IDENTIFIER = com.rajanfernandez.MotoParks.watchkitapp.watchkitextension;
				PRODUCT_NAME = "${TARGET_NAME}";
				SDKROOT = watchos;
				SKIP_INSTALL = YES;
				SWIFT_VERSION = 3.0;
				TARGETED_DEVICE_FAMILY = 4;
				WATCHOS_DEPLOYMENT_TARGET = 3.0;
			};
			name = Release;
		};
/* End XCBuildConfiguration section */

/* Begin XCConfigurationList section */
		E52688A51D20ED4800990737 /* Build configuration list for PBXProject "MotoParks" */ = {
			isa = XCConfigurationList;
			buildConfigurations = (
				E52688D01D20ED4800990737 /* Debug */,
				E52688D11D20ED4800990737 /* Release */,
			);
			defaultConfigurationIsVisible = 0;
			defaultConfigurationName = Release;
		};
		E52688D21D20ED4800990737 /* Build configuration list for PBXNativeTarget "MotoParks" */ = {
			isa = XCConfigurationList;
			buildConfigurations = (
				E52688D31D20ED4800990737 /* Debug */,
				E52688D41D20ED4800990737 /* Release */,
			);
			defaultConfigurationIsVisible = 0;
			defaultConfigurationName = Release;
		};
		E52688D51D20ED4800990737 /* Build configuration list for PBXNativeTarget "MotoParksTests" */ = {
			isa = XCConfigurationList;
			buildConfigurations = (
				E52688D61D20ED4800990737 /* Debug */,
				E52688D71D20ED4800990737 /* Release */,
			);
			defaultConfigurationIsVisible = 0;
			defaultConfigurationName = Release;
		};
		E52688D81D20ED4800990737 /* Build configuration list for PBXNativeTarget "MotoParksUITests" */ = {
			isa = XCConfigurationList;
			buildConfigurations = (
				E52688D91D20ED4800990737 /* Debug */,
				E52688DA1D20ED4800990737 /* Release */,
			);
			defaultConfigurationIsVisible = 0;
			defaultConfigurationName = Release;
		};
		E5BB2AA31D40D37D0035F76C /* Build configuration list for PBXNativeTarget "MotoParks Watch App Extension" */ = {
			isa = XCConfigurationList;
			buildConfigurations = (
				E5BB2AA11D40D37D0035F76C /* Debug */,
				E5BB2AA21D40D37D0035F76C /* Release */,
			);
			defaultConfigurationIsVisible = 0;
			defaultConfigurationName = Release;
		};
		E5BB2AA51D40D37D0035F76C /* Build configuration list for PBXNativeTarget "MotoParks Watch App" */ = {
			isa = XCConfigurationList;
			buildConfigurations = (
				E5BB2A9F1D40D37D0035F76C /* Debug */,
				E5BB2AA01D40D37D0035F76C /* Release */,
			);
			defaultConfigurationIsVisible = 0;
			defaultConfigurationName = Release;
		};
/* End XCConfigurationList section */
	};
	rootObject = E52688A21D20ED4800990737 /* Project object */;
}
